
Microsoft Visual Studio Solution File, Format Version 12.00
# Visual Studio 2013
VisualStudioVersion = 12.0.20623.1 VSUPREVIEW
MinimumVisualStudioVersion = 10.0.40219.1
Project("{FAE04EC0-301F-11D3-BF4B-00C04F79EFBC}") = "Minuteman", "Minuteman\Minuteman.csproj", "{8F94F3CA-195A-47EA-B144-EFB5950B15F2}"
EndProject
Project("{FAE04EC0-301F-11D3-BF4B-00C04F79EFBC}") = "Minuteman.Tests", "Minuteman.Tests\Minuteman.Tests.csproj", "{82D07991-6C73-415D-8FA2-1C998312ED36}"
EndProject
Project("{2150E333-8FDC-42A3-9474-1A3956D46DE8}") = "SharedFiles", "SharedFiles", "{9643717F-0236-4446-8102-3FEFF31B90D2}"
	ProjectSection(SolutionItems) = preProject
		SharedFiles\CodeAnalysisDictionary.xml = SharedFiles\CodeAnalysisDictionary.xml
		SharedFiles\CommonAssemblyInfo.cs = SharedFiles\CommonAssemblyInfo.cs
	EndProjectSection
EndProject
Project("{2150E333-8FDC-42A3-9474-1A3956D46DE8}") = ".nuget", ".nuget", "{AF5E8DDD-423E-4CD9-978C-AD207D4AA2AA}"
	ProjectSection(SolutionItems) = preProject
		.nuget\NuGet.Config = .nuget\NuGet.Config
		.nuget\NuGet.exe = .nuget\NuGet.exe
		.nuget\NuGet.targets = .nuget\NuGet.targets
	EndProjectSection
EndProject
Global
	GlobalSection(SolutionConfigurationPlatforms) = preSolution
		Debug|Any CPU = Debug|Any CPU
		Release|Any CPU = Release|Any CPU
	EndGlobalSection
	GlobalSection(ProjectConfigurationPlatforms) = postSolution
		{8F94F3CA-195A-47EA-B144-EFB5950B15F2}.Debug|Any CPU.ActiveCfg = Debug|Any CPU
		{8F94F3CA-195A-47EA-B144-EFB5950B15F2}.Debug|Any CPU.Build.0 = Debug|Any CPU
		{8F94F3CA-195A-47EA-B144-EFB5950B15F2}.Release|Any CPU.ActiveCfg = Release|Any CPU
		{8F94F3CA-195A-47EA-B144-EFB5950B15F2}.Release|Any CPU.Build.0 = Release|Any CPU
		{82D07991-6C73-415D-8FA2-1C998312ED36}.Debug|Any CPU.ActiveCfg = Debug|Any CPU
		{82D07991-6C73-415D-8FA2-1C998312ED36}.Debug|Any CPU.Build.0 = Debug|Any CPU
		{82D07991-6C73-415D-8FA2-1C998312ED36}.Release|Any CPU.ActiveCfg = Release|Any CPU
		{82D07991-6C73-415D-8FA2-1C998312ED36}.Release|Any CPU.Build.0 = Release|Any CPU
	EndGlobalSection
	GlobalSection(SolutionProperties) = preSolution
		HideSolutionNode = FALSE
	EndGlobalSection
EndGlobal
